
Microsoft Visual Studio Solution File, Format Version 12.00
# Visual Studio 2012
Project("{FAE04EC0-301F-11D3-BF4B-00C04F79EFBC}") = "CS570_Client", "CS570_Client\CS570_Client.csproj", "{994FA177-3B3D-4F7C-B41D-14E28AB33013}"
EndProject
Global
	GlobalSection(SolutionConfigurationPlatforms) = preSolution
		Debug|Any CPU = Debug|Any CPU
		Release|Any CPU = Release|Any CPU
	EndGlobalSection
	GlobalSection(ProjectConfigurationPlatforms) = postSolution
		{994FA177-3B3D-4F7C-B41D-14E28AB33013}.Debug|Any CPU.ActiveCfg = Debug|Any CPU
		{994FA177-3B3D-4F7C-B41D-14E28AB33013}.Debug|Any CPU.Build.0 = Debug|Any CPU
		{994FA177-3B3D-4F7C-B41D-14E28AB33013}.Release|Any CPU.ActiveCfg = Release|Any CPU
		{994FA177-3B3D-4F7C-B41D-14E28AB33013}.Release|Any CPU.Build.0 = Release|Any CPU
	EndGlobalSection
	GlobalSection(SolutionProperties) = preSolution
		HideSolutionNode = FALSE
	EndGlobalSection
EndGlobal
